
Microsoft Visual Studio Solution File, Format Version 12.00
# Visual Studio Version 17
VisualStudioVersion = 17.14.37710.0
MinimumVisualStudioVersion = 10.0.40219.1
Project("{FAE04EC0-301F-11D3-BF4B-00C04F79EFBC}") = "Assignments", "..\..\..\Music\C#2\Assignments\Assignments\Assignments.csproj", "{2EF4FBCB-AF96-4356-B5A8-C23B56716519}"
EndProject
Global
	GlobalSection(SolutionConfigurationPlatforms) = preSolution
		Debug|Any CPU = Debug|Any CPU
		Release|Any CPU = Release|Any CPU
	EndGlobalSection
	GlobalSection(ProjectConfigurationPlatforms) = postSolution
		{2EF4FBCB-AF96-4356-B5A8-C23B56716519}.Debug|Any CPU.ActiveCfg = Debug|Any CPU
		{2EF4FBCB-AF96-4356-B5A8-C23B56716519}.Debug|Any CPU.Build.0 = Debug|Any CPU
		{2EF4FBCB-AF96-4356-B5A8-C23B56716519}.Release|Any CPU.ActiveCfg = Release|Any CPU
		{2EF4FBCB-AF96-4356-B5A8-C23B56716519}.Release|Any CPU.Build.0 = Release|Any CPU
	EndGlobalSection
	GlobalSection(SolutionProperties) = preSolution
		HideSolutionNode = FALSE
	EndGlobalSection
	GlobalSection(ExtensibilityGlobals) = postSolution
		SolutionGuid = {5AD0B360-6EE7-4CEE-9E2E-A56965F0388E}
	EndGlobalSection
EndGlobal
